
Microsoft Visual Studio Solution File, Format Version 12.00
# Visual Studio Version 17
VisualStudioVersion = 17.5.33502.453
MinimumVisualStudioVersion = 10.0.40219.1
Project("{FAE04EC0-301F-11D3-BF4B-00C04F79EFBC}") = "SaltosMazaBackEnd", "SaltosMazaBackEnd\SaltosMazaBackEnd.csproj", "{799EAAF3-7775-4DA1-A289-40CE1AD71051}"
EndProject
Global
	GlobalSection(SolutionConfigurationPlatforms) = preSolution
		Debug|Any CPU = Debug|Any CPU
		Release|Any CPU = Release|Any CPU
	EndGlobalSection
	GlobalSection(ProjectConfigurationPlatforms) = postSolution
		{799EAAF3-7775-4DA1-A289-40CE1AD71051}.Debug|Any CPU.ActiveCfg = Debug|Any CPU
		{799EAAF3-7775-4DA1-A289-40CE1AD71051}.Debug|Any CPU.Build.0 = Debug|Any CPU
		{799EAAF3-7775-4DA1-A289-40CE1AD71051}.Release|Any CPU.ActiveCfg = Release|Any CPU
		{799EAAF3-7775-4DA1-A289-40CE1AD71051}.Release|Any CPU.Build.0 = Release|Any CPU
	EndGlobalSection
	GlobalSection(SolutionProperties) = preSolution
		HideSolutionNode = FALSE
	EndGlobalSection
	GlobalSection(ExtensibilityGlobals) = postSolution
		SolutionGuid = {1A353F0C-096A-451C-B135-D20C5D35A109}
	EndGlobalSection
EndGlobal
